
Microsoft Visual Studio Solution File, Format Version 12.00
# Visual Studio 15
VisualStudioVersion = 15.0.26228.9
MinimumVisualStudioVersion = 10.0.40219.1
Project("{2150E333-8FDC-42A3-9474-1A3956D46DE8}") = "src", "src", "{2B8D81AA-1FF4-47CF-B574-A6B7B7A7DD5E}"
EndProject
Project("{FAE04EC0-301F-11D3-BF4B-00C04F79EFBC}") = "Iso8601kit", "src\Iso8601kit\Iso8601kit.csproj", "{2E9E9212-81B9-4439-BF79-4B5E98566ABA}"
EndProject
Project("{2150E333-8FDC-42A3-9474-1A3956D46DE8}") = "test", "test", "{CA756E55-A145-40E0-B52D-CD1E5C7E957A}"
EndProject
Global
	GlobalSection(SolutionConfigurationPlatforms) = preSolution
		Debug|Any CPU = Debug|Any CPU
		Release|Any CPU = Release|Any CPU
	EndGlobalSection
	GlobalSection(ProjectConfigurationPlatforms) = postSolution
		{2E9E9212-81B9-4439-BF79-4B5E98566ABA}.Debug|Any CPU.ActiveCfg = Debug|Any CPU
		{2E9E9212-81B9-4439-BF79-4B5E98566ABA}.Debug|Any CPU.Build.0 = Debug|Any CPU
		{2E9E9212-81B9-4439-BF79-4B5E98566ABA}.Release|Any CPU.ActiveCfg = Release|Any CPU
		{2E9E9212-81B9-4439-BF79-4B5E98566ABA}.Release|Any CPU.Build.0 = Release|Any CPU
	EndGlobalSection
	GlobalSection(SolutionProperties) = preSolution
		HideSolutionNode = FALSE
	EndGlobalSection
	GlobalSection(NestedProjects) = preSolution
		{2E9E9212-81B9-4439-BF79-4B5E98566ABA} = {2B8D81AA-1FF4-47CF-B574-A6B7B7A7DD5E}
	EndGlobalSection
EndGlobal
